Microsoft Visual Studio Solution File, Format Version 12.00
# Visual Studio Version 17
VisualStudioVersion = 17.0.31903.59
MinimumVisualStudioVersion = 10.0.40219.1
Project("{FAE04EC0-301F-11D3-BF4B-00C04F79EFBC}") = "FusionPasswordResetPortal.Domain", "src\FusionPasswordResetPortal.Domain\FusionPasswordResetPortal.Domain.csproj", "{1D39D82D-5814-4B39-9C11-717E21B2BB8E}"
EndProject
Project("{FAE04EC0-301F-11D3-BF4B-00C04F79EFBC}") = "FusionPasswordResetPortal.Application", "src\FusionPasswordResetPortal.Application\FusionPasswordResetPortal.Application.csproj", "{84C3D867-E517-4D6C-8F27-8B3E096CC1DD}"
EndProject
Project("{FAE04EC0-301F-11D3-BF4B-00C04F79EFBC}") = "FusionPasswordResetPortal.Infrastructure", "src\FusionPasswordResetPortal.Infrastructure\FusionPasswordResetPortal.Infrastructure.csproj", "{6C0F2F8E-2D25-4024-B7D8-82284EAD50F0}"
EndProject
Project("{FAE04EC0-301F-11D3-BF4B-00C04F79EFBC}") = "FusionPasswordResetPortal.Web", "src\FusionPasswordResetPortal.Web\FusionPasswordResetPortal.Web.csproj", "{BE524D52-E2B5-4FFB-8A49-116B8C786AB6}"
EndProject
Project("{FAE04EC0-301F-11D3-BF4B-00C04F79EFBC}") = "FusionPasswordResetPortal.UnitTests", "tests\FusionPasswordResetPortal.UnitTests\FusionPasswordResetPortal.UnitTests.csproj", "{CC7CC386-6425-483D-A4E7-4ED611A18F50}"
EndProject
Project("{FAE04EC0-301F-11D3-BF4B-00C04F79EFBC}") = "FusionPasswordResetPortal.IntegrationTests", "tests\FusionPasswordResetPortal.IntegrationTests\FusionPasswordResetPortal.IntegrationTests.csproj", "{EFBD7F26-B9BA-41FB-9D6B-610BC367093A}"
EndProject
Global
	GlobalSection(SolutionConfigurationPlatforms) = preSolution
		Debug|Any CPU = Debug|Any CPU
		Release|Any CPU = Release|Any CPU
	EndGlobalSection
	GlobalSection(ProjectConfigurationPlatforms) = postSolution
		{1D39D82D-5814-4B39-9C11-717E21B2BB8E}.Debug|Any CPU.ActiveCfg = Debug|Any CPU
		{1D39D82D-5814-4B39-9C11-717E21B2BB8E}.Debug|Any CPU.Build.0 = Debug|Any CPU
		{1D39D82D-5814-4B39-9C11-717E21B2BB8E}.Release|Any CPU.ActiveCfg = Release|Any CPU
		{1D39D82D-5814-4B39-9C11-717E21B2BB8E}.Release|Any CPU.Build.0 = Release|Any CPU
		{84C3D867-E517-4D6C-8F27-8B3E096CC1DD}.Debug|Any CPU.ActiveCfg = Debug|Any CPU
		{84C3D867-E517-4D6C-8F27-8B3E096CC1DD}.Debug|Any CPU.Build.0 = Debug|Any CPU
		{84C3D867-E517-4D6C-8F27-8B3E096CC1DD}.Release|Any CPU.ActiveCfg = Release|Any CPU
		{84C3D867-E517-4D6C-8F27-8B3E096CC1DD}.Release|Any CPU.Build.0 = Release|Any CPU
		{6C0F2F8E-2D25-4024-B7D8-82284EAD50F0}.Debug|Any CPU.ActiveCfg = Debug|Any CPU
		{6C0F2F8E-2D25-4024-B7D8-82284EAD50F0}.Debug|Any CPU.Build.0 = Debug|Any CPU
		{6C0F2F8E-2D25-4024-B7D8-82284EAD50F0}.Release|Any CPU.ActiveCfg = Release|Any CPU
		{6C0F2F8E-2D25-4024-B7D8-82284EAD50F0}.Release|Any CPU.Build.0 = Release|Any CPU
		{BE524D52-E2B5-4FFB-8A49-116B8C786AB6}.Debug|Any CPU.ActiveCfg = Debug|Any CPU
		{BE524D52-E2B5-4FFB-8A49-116B8C786AB6}.Debug|Any CPU.Build.0 = Debug|Any CPU
		{BE524D52-E2B5-4FFB-8A49-116B8C786AB6}.Release|Any CPU.ActiveCfg = Release|Any CPU
		{BE524D52-E2B5-4FFB-8A49-116B8C786AB6}.Release|Any CPU.Build.0 = Release|Any CPU
		{CC7CC386-6425-483D-A4E7-4ED611A18F50}.Debug|Any CPU.ActiveCfg = Debug|Any CPU
		{CC7CC386-6425-483D-A4E7-4ED611A18F50}.Debug|Any CPU.Build.0 = Debug|Any CPU
		{CC7CC386-6425-483D-A4E7-4ED611A18F50}.Release|Any CPU.ActiveCfg = Release|Any CPU
		{CC7CC386-6425-483D-A4E7-4ED611A18F50}.Release|Any CPU.Build.0 = Release|Any CPU
		{EFBD7F26-B9BA-41FB-9D6B-610BC367093A}.Debug|Any CPU.ActiveCfg = Debug|Any CPU
		{EFBD7F26-B9BA-41FB-9D6B-610BC367093A}.Debug|Any CPU.Build.0 = Debug|Any CPU
		{EFBD7F26-B9BA-41FB-9D6B-610BC367093A}.Release|Any CPU.ActiveCfg = Release|Any CPU
		{EFBD7F26-B9BA-41FB-9D6B-610BC367093A}.Release|Any CPU.Build.0 = Release|Any CPU
	EndGlobalSection
	GlobalSection(SolutionProperties) = preSolution
		HideSolutionNode = FALSE
	EndGlobalSection
EndGlobal
